
Microsoft Visual Studio Solution File, Format Version 12.00
# Visual Studio Version 16
VisualStudioVersion = 16.0.30804.86
MinimumVisualStudioVersion = 10.0.40219.1
Project("{9A19103F-16F7-4668-BE54-9A1E7A4F7556}") = "Entities", "Entities\Entities.csproj", "{C63673E5-BF23-4DDC-827F-EE0F3CB0291C}"
EndProject
Project("{9A19103F-16F7-4668-BE54-9A1E7A4F7556}") = "DataAccess", "DataAccess\DataAccess.csproj", "{B973CB96-399A-4680-83DD-874ACA21C26E}"
EndProject
Project("{9A19103F-16F7-4668-BE54-9A1E7A4F7556}") = "Business", "Business\Business.csproj", "{015282C4-C544-48CF-A7A4-A7DDFD2A1E1D}"
EndProject
Project("{9A19103F-16F7-4668-BE54-9A1E7A4F7556}") = "ConsoleProject", "ConsoleProject\ConsoleProject.csproj", "{5EAB2A29-5AB0-4F13-9EC7-B35A7F3863A4}"
EndProject
Project("{9A19103F-16F7-4668-BE54-9A1E7A4F7556}") = "Core", "Core\Core.csproj", "{F29C2ED2-1773-47CA-BC9C-8371C1A66659}"
EndProject
Project("{FAE04EC0-301F-11D3-BF4B-00C04F79EFBC}") = "WebAPI", "WebAPI\WebAPI.csproj", "{6427D417-77F2-483F-9E24-2086237C077C}"
EndProject
Global
	GlobalSection(SolutionConfigurationPlatforms) = preSolution
		Debug|Any CPU = Debug|Any CPU
		Release|Any CPU = Release|Any CPU
	EndGlobalSection
	GlobalSection(ProjectConfigurationPlatforms) = postSolution
		{C63673E5-BF23-4DDC-827F-EE0F3CB0291C}.Debug|Any CPU.ActiveCfg = Debug|Any CPU
		{C63673E5-BF23-4DDC-827F-EE0F3CB0291C}.Debug|Any CPU.Build.0 = Debug|Any CPU
		{C63673E5-BF23-4DDC-827F-EE0F3CB0291C}.Release|Any CPU.ActiveCfg = Release|Any CPU
		{C63673E5-BF23-4DDC-827F-EE0F3CB0291C}.Release|Any CPU.Build.0 = Release|Any CPU
		{B973CB96-399A-4680-83DD-874ACA21C26E}.Debug|Any CPU.ActiveCfg = Debug|Any CPU
		{B973CB96-399A-4680-83DD-874ACA21C26E}.Debug|Any CPU.Build.0 = Debug|Any CPU
		{B973CB96-399A-4680-83DD-874ACA21C26E}.Release|Any CPU.ActiveCfg = Release|Any CPU
		{B973CB96-399A-4680-83DD-874ACA21C26E}.Release|Any CPU.Build.0 = Release|Any CPU
		{015282C4-C544-48CF-A7A4-A7DDFD2A1E1D}.Debug|Any CPU.ActiveCfg = Debug|Any CPU
		{015282C4-C544-48CF-A7A4-A7DDFD2A1E1D}.Debug|Any CPU.Build.0 = Debug|Any CPU
		{015282C4-C544-48CF-A7A4-A7DDFD2A1E1D}.Release|Any CPU.ActiveCfg = Release|Any CPU
		{015282C4-C544-48CF-A7A4-A7DDFD2A1E1D}.Release|Any CPU.Build.0 = Release|Any CPU
		{5EAB2A29-5AB0-4F13-9EC7-B35A7F3863A4}.Debug|Any CPU.ActiveCfg = Debug|Any CPU
		{5EAB2A29-5AB0-4F13-9EC7-B35A7F3863A4}.Debug|Any CPU.Build.0 = Debug|Any CPU
		{5EAB2A29-5AB0-4F13-9EC7-B35A7F3863A4}.Release|Any CPU.ActiveCfg = Release|Any CPU
		{5EAB2A29-5AB0-4F13-9EC7-B35A7F3863A4}.Release|Any CPU.Build.0 = Release|Any CPU
		{F29C2ED2-1773-47CA-BC9C-8371C1A66659}.Debug|Any CPU.ActiveCfg = Debug|Any CPU
		{F29C2ED2-1773-47CA-BC9C-8371C1A66659}.Debug|Any CPU.Build.0 = Debug|Any CPU
		{F29C2ED2-1773-47CA-BC9C-8371C1A66659}.Release|Any CPU.ActiveCfg = Release|Any CPU
		{F29C2ED2-1773-47CA-BC9C-8371C1A66659}.Release|Any CPU.Build.0 = Release|Any CPU
		{6427D417-77F2-483F-9E24-2086237C077C}.Debug|Any CPU.ActiveCfg = Debug|Any CPU
		{6427D417-77F2-483F-9E24-2086237C077C}.Debug|Any CPU.Build.0 = Debug|Any CPU
		{6427D417-77F2-483F-9E24-2086237C077C}.Release|Any CPU.ActiveCfg = Release|Any CPU
		{6427D417-77F2-483F-9E24-2086237C077C}.Release|Any CPU.Build.0 = Release|Any CPU
	EndGlobalSection
	GlobalSection(SolutionProperties) = preSolution
		HideSolutionNode = FALSE
	EndGlobalSection
	GlobalSection(ExtensibilityGlobals) = postSolution
		SolutionGuid = {AF832DD6-0942-4FF2-92C8-2BDDBC8236F5}
	EndGlobalSection
EndGlobal
